
Microsoft Visual Studio Solution File, Format Version 12.00
# Visual Studio 15
VisualStudioVersion = 15.0.27703.2035
MinimumVisualStudioVersion = 10.0.40219.1
Project("{9A19103F-16F7-4668-BE54-9A1E7A4F7556}") = "Ex_4_2_ConfigurationIOption", "Ex_4_2_ConfigurationIOption\Ex_4_2_ConfigurationIOption.csproj", "{B443E486-CF0E-465C-B3CA-DDB46C998957}"
EndProject
Global
	GlobalSection(SolutionConfigurationPlatforms) = preSolution
		Debug|Any CPU = Debug|Any CPU
		Release|Any CPU = Release|Any CPU
	EndGlobalSection
	GlobalSection(ProjectConfigurationPlatforms) = postSolution
		{B443E486-CF0E-465C-B3CA-DDB46C998957}.Debug|Any CPU.ActiveCfg = Debug|Any CPU
		{B443E486-CF0E-465C-B3CA-DDB46C998957}.Debug|Any CPU.Build.0 = Debug|Any CPU
		{B443E486-CF0E-465C-B3CA-DDB46C998957}.Release|Any CPU.ActiveCfg = Release|Any CPU
		{B443E486-CF0E-465C-B3CA-DDB46C998957}.Release|Any CPU.Build.0 = Release|Any CPU
	EndGlobalSection
	GlobalSection(SolutionProperties) = preSolution
		HideSolutionNode = FALSE
	EndGlobalSection
	GlobalSection(ExtensibilityGlobals) = postSolution
		SolutionGuid = {637D62BF-E111-4762-ADE2-FCCD5BECE752}
	EndGlobalSection
EndGlobal
