
Microsoft Visual Studio Solution File, Format Version 12.00
# Visual Studio 15
VisualStudioVersion = 15.0.27703.2035
MinimumVisualStudioVersion = 10.0.40219.1
Project("{FAE04EC0-301F-11D3-BF4B-00C04F79EFBC}") = "Ex_13_ControllersAndApi", "Ex_13_ControllersAndApi\Ex_13_ControllersAndApi.csproj", "{7F6DBDB3-E082-4C1B-9D82-D743DE7FB500}"
EndProject
Global
	GlobalSection(SolutionConfigurationPlatforms) = preSolution
		Debug|Any CPU = Debug|Any CPU
		Release|Any CPU = Release|Any CPU
	EndGlobalSection
	GlobalSection(ProjectConfigurationPlatforms) = postSolution
		{7F6DBDB3-E082-4C1B-9D82-D743DE7FB500}.Debug|Any CPU.ActiveCfg = Debug|Any CPU
		{7F6DBDB3-E082-4C1B-9D82-D743DE7FB500}.Debug|Any CPU.Build.0 = Debug|Any CPU
		{7F6DBDB3-E082-4C1B-9D82-D743DE7FB500}.Release|Any CPU.ActiveCfg = Release|Any CPU
		{7F6DBDB3-E082-4C1B-9D82-D743DE7FB500}.Release|Any CPU.Build.0 = Release|Any CPU
	EndGlobalSection
	GlobalSection(SolutionProperties) = preSolution
		HideSolutionNode = FALSE
	EndGlobalSection
	GlobalSection(ExtensibilityGlobals) = postSolution
		SolutionGuid = {E1D23294-492A-4DD7-8C13-0012BA309228}
	EndGlobalSection
EndGlobal
