
Microsoft Visual Studio Solution File, Format Version 12.00
# Visual Studio 15
VisualStudioVersion = 15.0.27703.2026
MinimumVisualStudioVersion = 10.0.40219.1
Project("{FAE04EC0-301F-11D3-BF4B-00C04F79EFBC}") = "Ex_10_DefaultTagHelpers", "Ex_10_DefaultTagHelpers\Ex_10_DefaultTagHelpers.csproj", "{EE705615-0623-44D7-9D04-B0FBFCEBA9CB}"
EndProject
Global
	GlobalSection(SolutionConfigurationPlatforms) = preSolution
		Debug|Any CPU = Debug|Any CPU
		Release|Any CPU = Release|Any CPU
	EndGlobalSection
	GlobalSection(ProjectConfigurationPlatforms) = postSolution
		{EE705615-0623-44D7-9D04-B0FBFCEBA9CB}.Debug|Any CPU.ActiveCfg = Debug|Any CPU
		{EE705615-0623-44D7-9D04-B0FBFCEBA9CB}.Debug|Any CPU.Build.0 = Debug|Any CPU
		{EE705615-0623-44D7-9D04-B0FBFCEBA9CB}.Release|Any CPU.ActiveCfg = Release|Any CPU
		{EE705615-0623-44D7-9D04-B0FBFCEBA9CB}.Release|Any CPU.Build.0 = Release|Any CPU
	EndGlobalSection
	GlobalSection(SolutionProperties) = preSolution
		HideSolutionNode = FALSE
	EndGlobalSection
	GlobalSection(ExtensibilityGlobals) = postSolution
		SolutionGuid = {168C81F9-C9F2-4E7A-BA6B-D2887498092A}
	EndGlobalSection
EndGlobal
