
Microsoft Visual Studio Solution File, Format Version 12.00
# Visual Studio 15
VisualStudioVersion = 15.0.27703.2035
MinimumVisualStudioVersion = 10.0.40219.1
Project("{FAE04EC0-301F-11D3-BF4B-00C04F79EFBC}") = "Ex_2_2_DependencyInjection", "Ex_2_2_DependencyInjection\Ex_2_2_DependencyInjection.csproj", "{17F51B7E-CF1D-4DE8-888C-2F4E4A6DB307}"
EndProject
Project("{FAE04EC0-301F-11D3-BF4B-00C04F79EFBC}") = "Ex_2_2_DependencyInjectionServices", "Ex_2_2_DependencyInjectionServices\Ex_2_2_DependencyInjectionServices.csproj", "{8EF08E7D-C890-48B0-B2CD-3CAD9D633F61}"
EndProject
Global
	GlobalSection(SolutionConfigurationPlatforms) = preSolution
		Debug|Any CPU = Debug|Any CPU
		Release|Any CPU = Release|Any CPU
	EndGlobalSection
	GlobalSection(ProjectConfigurationPlatforms) = postSolution
		{17F51B7E-CF1D-4DE8-888C-2F4E4A6DB307}.Debug|Any CPU.ActiveCfg = Debug|Any CPU
		{17F51B7E-CF1D-4DE8-888C-2F4E4A6DB307}.Debug|Any CPU.Build.0 = Debug|Any CPU
		{17F51B7E-CF1D-4DE8-888C-2F4E4A6DB307}.Release|Any CPU.ActiveCfg = Release|Any CPU
		{17F51B7E-CF1D-4DE8-888C-2F4E4A6DB307}.Release|Any CPU.Build.0 = Release|Any CPU
		{8EF08E7D-C890-48B0-B2CD-3CAD9D633F61}.Debug|Any CPU.ActiveCfg = Debug|Any CPU
		{8EF08E7D-C890-48B0-B2CD-3CAD9D633F61}.Debug|Any CPU.Build.0 = Debug|Any CPU
		{8EF08E7D-C890-48B0-B2CD-3CAD9D633F61}.Release|Any CPU.ActiveCfg = Release|Any CPU
		{8EF08E7D-C890-48B0-B2CD-3CAD9D633F61}.Release|Any CPU.Build.0 = Release|Any CPU
	EndGlobalSection
	GlobalSection(SolutionProperties) = preSolution
		HideSolutionNode = FALSE
	EndGlobalSection
	GlobalSection(ExtensibilityGlobals) = postSolution
		SolutionGuid = {536B72CA-3790-4800-8B9A-F203EED2D1DF}
	EndGlobalSection
EndGlobal
