
Microsoft Visual Studio Solution File, Format Version 12.00
# Visual Studio 15
VisualStudioVersion = 15.0.27703.2035
MinimumVisualStudioVersion = 10.0.40219.1
Project("{FAE04EC0-301F-11D3-BF4B-00C04F79EFBC}") = "Ex_6_HostingEnvironment", "Ex_6_HostingEnvironment\Ex_6_HostingEnvironment.csproj", "{B757EAE6-45A3-49AA-BEEB-3A8ECB09D674}"
EndProject
Global
	GlobalSection(SolutionConfigurationPlatforms) = preSolution
		Debug|Any CPU = Debug|Any CPU
		Release|Any CPU = Release|Any CPU
	EndGlobalSection
	GlobalSection(ProjectConfigurationPlatforms) = postSolution
		{B757EAE6-45A3-49AA-BEEB-3A8ECB09D674}.Debug|Any CPU.ActiveCfg = Debug|Any CPU
		{B757EAE6-45A3-49AA-BEEB-3A8ECB09D674}.Debug|Any CPU.Build.0 = Debug|Any CPU
		{B757EAE6-45A3-49AA-BEEB-3A8ECB09D674}.Release|Any CPU.ActiveCfg = Release|Any CPU
		{B757EAE6-45A3-49AA-BEEB-3A8ECB09D674}.Release|Any CPU.Build.0 = Release|Any CPU
	EndGlobalSection
	GlobalSection(SolutionProperties) = preSolution
		HideSolutionNode = FALSE
	EndGlobalSection
	GlobalSection(ExtensibilityGlobals) = postSolution
		SolutionGuid = {1BDE01FF-7835-490E-B139-BD37A4912EF9}
	EndGlobalSection
EndGlobal
