
Microsoft Visual Studio Solution File, Format Version 12.00
# Visual Studio 15
VisualStudioVersion = 15.0.27703.2035
MinimumVisualStudioVersion = 10.0.40219.1
Project("{FAE04EC0-301F-11D3-BF4B-00C04F79EFBC}") = "Ex_Ad_6_3_LoggingProviderFile", "Ex_Ad_6_3_LoggingProviderFile\Ex_Ad_6_3_LoggingProviderFile.csproj", "{51590179-752C-4438-B929-8EEFA7D26EBB}"
EndProject
Global
	GlobalSection(SolutionConfigurationPlatforms) = preSolution
		Debug|Any CPU = Debug|Any CPU
		Release|Any CPU = Release|Any CPU
	EndGlobalSection
	GlobalSection(ProjectConfigurationPlatforms) = postSolution
		{51590179-752C-4438-B929-8EEFA7D26EBB}.Debug|Any CPU.ActiveCfg = Debug|Any CPU
		{51590179-752C-4438-B929-8EEFA7D26EBB}.Debug|Any CPU.Build.0 = Debug|Any CPU
		{51590179-752C-4438-B929-8EEFA7D26EBB}.Release|Any CPU.ActiveCfg = Release|Any CPU
		{51590179-752C-4438-B929-8EEFA7D26EBB}.Release|Any CPU.Build.0 = Release|Any CPU
	EndGlobalSection
	GlobalSection(SolutionProperties) = preSolution
		HideSolutionNode = FALSE
	EndGlobalSection
	GlobalSection(ExtensibilityGlobals) = postSolution
		SolutionGuid = {A1CEB886-844B-46A6-BD07-39DA6ED6DEC6}
	EndGlobalSection
EndGlobal
