
Microsoft Visual Studio Solution File, Format Version 12.00
# Visual Studio 15
VisualStudioVersion = 15.0.27703.2035
MinimumVisualStudioVersion = 10.0.40219.1
Project("{FAE04EC0-301F-11D3-BF4B-00C04F79EFBC}") = "Ex_8_BundlingMinification", "Ex_8_BundlingMinification\Ex_8_BundlingMinification.csproj", "{3FAF549A-C853-4030-ADF4-964CDFBE0BBE}"
EndProject
Global
	GlobalSection(SolutionConfigurationPlatforms) = preSolution
		Debug|Any CPU = Debug|Any CPU
		Release|Any CPU = Release|Any CPU
	EndGlobalSection
	GlobalSection(ProjectConfigurationPlatforms) = postSolution
		{3FAF549A-C853-4030-ADF4-964CDFBE0BBE}.Debug|Any CPU.ActiveCfg = Debug|Any CPU
		{3FAF549A-C853-4030-ADF4-964CDFBE0BBE}.Debug|Any CPU.Build.0 = Debug|Any CPU
		{3FAF549A-C853-4030-ADF4-964CDFBE0BBE}.Release|Any CPU.ActiveCfg = Release|Any CPU
		{3FAF549A-C853-4030-ADF4-964CDFBE0BBE}.Release|Any CPU.Build.0 = Release|Any CPU
	EndGlobalSection
	GlobalSection(SolutionProperties) = preSolution
		HideSolutionNode = FALSE
	EndGlobalSection
	GlobalSection(ExtensibilityGlobals) = postSolution
		SolutionGuid = {92FAB60E-F7C0-4FBD-8721-B46849BE7A53}
	EndGlobalSection
EndGlobal
